{
  "name": "specspec",
  "version": "1.0.0",
  "lockfileVersion": 2,
  "requires": true,
  "packages": {
    "": {
      "name": "specspec",
      "version": "1.0.0",
      "devDependencies": {
        "@figma/plugin-typings": "1.19.1",
        "prettier": "2.2.1"
      }
    },
    "node_modules/@figma/plugin-typings": {
      "version": "1.19.1",
      "resolved": "https://registry.npmjs.org/@figma/plugin-typings/-/plugin-typings-1.19.1.tgz",
      "integrity": "sha512-hraStXkhLm76nSYmJMvZDHLrolvi2ii5IJd6JI6s/1Owzm2oT8PwnKHDHIMu/OBFxtK335w1ASARn6BmWcKShw==",
      "dev": true
    },
    "node_modules/prettier": {
      "version": "2.2.1",
      "resolved": "https://registry.npmjs.org/prettier/-/prettier-2.2.1.tgz",
      "integrity": "sha512-PqyhM2yCjg/oKkFPtTGUojv7gnZAoG80ttl45O6x2Ug/rMJw4wcc9k6aaf2hibP7BGVCCM33gZoGjyvt9mm16Q==",
      "dev": true,
      "bin": {
        "prettier": "bin-prettier.js"
      },
      "engines": {
        "node": ">=10.13.0"
      }
    }
  },
  "dependencies": {
    "@figma/plugin-typings": {
      "version": "1.19.1",
      "resolved": "https://registry.npmjs.org/@figma/plugin-typings/-/plugin-typings-1.19.1.tgz",
      "integrity": "sha512-hraStXkhLm76nSYmJMvZDHLrolvi2ii5IJd6JI6s/1Owzm2oT8PwnKHDHIMu/OBFxtK335w1ASARn6BmWcKShw==",
      "dev": true
    },
    "prettier": {
      "version": "2.2.1",
      "resolved": "https://registry.npmjs.org/prettier/-/prettier-2.2.1.tgz",
      "integrity": "sha512-PqyhM2yCjg/oKkFPtTGUojv7gnZAoG80ttl45O6x2Ug/rMJw4wcc9k6aaf2hibP7BGVCCM33gZoGjyvt9mm16Q==",
      "dev": true
    }
  }
}
